# @generated by Move, please check-in and do not edit manually.

[move]
version = 2
manifest_digest = "236C3DB6E4D69CB8B97FD6B62F0612417315933F17499B14760F6568B565CA68"
deps_digest = "F8BBB0CCB2491CA29A3DF03D6F92277A4F3574266507ACD77214D37ECA3F3082"
dependencies = [
  { name = "Sui" },
]

[[move.package]]
name = "MoveStdlib"
source = { git = "https://github.com/MystenLabs/sui.git", rev = "framework/testnet", subdir = "crates/sui-framework/packages/move-stdlib" }

[[move.package]]
name = "Sui"
source = { git = "https://github.com/MystenLabs/sui.git", rev = "framework/testnet", subdir = "crates/sui-framework/packages/sui-framework" }

dependencies = [
  { name = "MoveStdlib" },
]

[move.toolchain-version]
compiler-version = "1.27.0"
edition = "2024.beta"
flavor = "sui"

[env]

[env.testnet]
chain-id = "4c78adac"
original-published-id = "0xb57800c719fde3a0232d4aa1ce41a153912cb79292edfa58ece7bf15d4c57fee"
latest-published-id = "0xb57800c719fde3a0232d4aa1ce41a153912cb79292edfa58ece7bf15d4c57fee"
published-version = "1"
